
Microsoft Visual Studio Solution File, Format Version 12.00
# Visual Studio Version 16
VisualStudioVersion = 16.0.31613.86
MinimumVisualStudioVersion = 10.0.40219.1
Project("{FAE04EC0-301F-11D3-BF4B-00C04F79EFBC}") = "DBMovieManager CurrenandMatthew", "DBMovieManager CurrenandMatthew\DBMovieManager CurrenandMatthew.csproj", "{982C32B9-A98C-48F5-9A38-A9D2FA54B77B}"
EndProject
Global
	GlobalSection(SolutionConfigurationPlatforms) = preSolution
		Debug|Any CPU = Debug|Any CPU
		Release|Any CPU = Release|Any CPU
	EndGlobalSection
	GlobalSection(ProjectConfigurationPlatforms) = postSolution
		{982C32B9-A98C-48F5-9A38-A9D2FA54B77B}.Debug|Any CPU.ActiveCfg = Debug|Any CPU
		{982C32B9-A98C-48F5-9A38-A9D2FA54B77B}.Debug|Any CPU.Build.0 = Debug|Any CPU
		{982C32B9-A98C-48F5-9A38-A9D2FA54B77B}.Release|Any CPU.ActiveCfg = Release|Any CPU
		{982C32B9-A98C-48F5-9A38-A9D2FA54B77B}.Release|Any CPU.Build.0 = Release|Any CPU
	EndGlobalSection
	GlobalSection(SolutionProperties) = preSolution
		HideSolutionNode = FALSE
	EndGlobalSection
	GlobalSection(ExtensibilityGlobals) = postSolution
		SolutionGuid = {694683FB-04B2-4160-AD0C-AC653696AA7E}
	EndGlobalSection
EndGlobal
